github.com/nkanaev/numb v0.0.1 h1:bK36OmUtxkxAA0Jp0lqaqp3145WQJZFNmHoKdnRVFLQ=
github.com/nkanaev/numb v0.0.1/go.mod h1:2elCj0+CD1GdDYIKVh0s4spm+0hz5ERQAGTK2WLZidU=
golang.org/x/sys v0.0.0-20201119102817-f84b799fce68/go.mod h1:h1NjWce9XRLGQEsW7wpKNCjG9DtNlClVuFLEZdDNbEs=
golang.org/x/sys v0.0.0-20210426230700-d19ff857e887/go.mod h1:h1NjWce9XRLGQEsW7wpKNCjG9DtNlClVuFLEZdDNbEs=
golang.org/x/term v0.0.0-20210422114643-f5beecf764ed/go.mod h1:bj7SfCRtBDWHUb9snDiAeCFNEtKQo2Wmx5Cou7ajbmo=
